github.com/formancehq/formance-sdk-go/v3 v3.8.1 h1:nKWcpZT70vegEUV+/Xl/wekiI1PsCFVe7mvGgwaA9fk=
github.com/formancehq/formance-sdk-go/v3 v3.8.1/go.mod h1:2Kb2Z4bN8/I4MQQnuSilvThqeaUtuLaTdmMGIb3nMJY=
golang.org/x/sync v0.8.0 h1:3NFvSEYkUoMifnESzZl15y791HH1qU2xm6eCJU5ZPXQ=
golang.org/x/sync v0.8.0/go.mod h1:Czt+wKu1gCyEFDUtn0jG5QVvpJ6rzVqr5aXyt9drQfk=
